// !$*UTF8*$!
{
	archiveVersion = 1;
	classes = {
	};
	objectVersion = 46;
	objects = {

/* Begin PBXBuildFile section */
		E26CFF12180E09E30016387B /* UIKit.framework in Frameworks */ = {isa = PBXBuildFile; fileRef = E26CFF11180E09E30016387B /* UIKit.framework */; };
		E26CFF14180E09E30016387B /* Foundation.framework in Frameworks */ = {isa = PBXBuildFile; fileRef = E26CFF13180E09E30016387B /* Foundation.framework */; };
		E26CFF16180E09E30016387B /* CoreGraphics.framework in Frameworks */ = {isa = PBXBuildFile; fileRef = E26CFF15180E09E30016387B /* CoreGraphics.framework */; };
		E26CFF1C180E09E30016387B /* InfoPlist.strings in Resources */ = {isa = PBXBuildFile; fileRef = E26CFF1A180E09E30016387B /* InfoPlist.strings */; };
		E26CFF1E180E09E30016387B /* main.m in Sources */ = {isa = PBXBuildFile; fileRef = E26CFF1D180E09E30016387B /* main.m */; };
		E26CFF22180E09E30016387B /* AppDelegate.m in Sources */ = {isa = PBXBuildFile; fileRef = E26CFF21180E09E30016387B /* AppDelegate.m */; };
		E26CFF24180E09E30016387B /* Default.png in Resources */ = {isa = PBXBuildFile; fileRef = E26CFF23180E09E30016387B /* Default.png */; };
		E26CFF26180E09E30016387B /* Default@2x.png in Resources */ = {isa = PBXBuildFile; fileRef = E26CFF25180E09E30016387B /* Default@2x.png */; };
		E26CFF28180E09E30016387B /* Default-568h@2x.png in Resources */ = {isa = PBXBuildFile; fileRef = E26CFF27180E09E30016387B /* Default-568h@2x.png */; };
		E26CFF2B180E09E30016387B /* MainStoryboard.storyboard in Resources */ = {isa = PBXBuildFile; fileRef = E26CFF29180E09E30016387B /* MainStoryboard.storyboard */; };
		E26CFF2E180E09E30016387B /* ViewController.m in Sources */ = {isa = PBXBuildFile; fileRef = E26CFF2D180E09E30016387B /* ViewController.m */; };
/* End PBXBuildFile section */

/* Begin PBXFileReference section */
		E26CFF0E180E09E30016387B /* ProyectoVehiculos.app */ = {isa = PBXFileReference; explicitFileType = wrapper.application; includeInIndex = 0; path = ProyectoVehiculos.app; sourceTree = BUILT_PRODUCTS_DIR; };
		E26CFF11180E09E30016387B /* UIKit.framework */ = {isa = PBXFileReference; lastKnownFileType = wrapper.framework; name = UIKit.framework; path = System/Library/Frameworks/UIKit.framework; sourceTree = SDKROOT; };
		E26CFF13180E09E30016387B /* Foundation.framework */ = {isa = PBXFileReference; lastKnownFileType = wrapper.framework; name = Foundation.framework; path = System/Library/Frameworks/Foundation.framework; sourceTree = SDKROOT; };
		E26CFF15180E09E30016387B /* CoreGraphics.framework */ = {isa = PBXFileReference; lastKnownFileType = wrapper.framework; name = CoreGraphics.framework; path = System/Library/Frameworks/CoreGraphics.framework; sourceTree = SDKROOT; };
		E26CFF19180E09E30016387B /* ProyectoVehiculos-Info.plist */ = {isa = PBXFileReference; lastKnownFileType = text.plist.xml; path = "ProyectoVehiculos-Info.plist"; sourceTree = "<group>"; };
		E26CFF1B180E09E30016387B /* en */ = {isa = PBXFileReference; lastKnownFileType = text.plist.strings; name = en; path = en.lproj/InfoPlist.strings; sourceTree = "<group>"; };
		E26CFF1D180E09E30016387B /* main.m */ = {isa = PBXFileReference; lastKnownFileType = sourcecode.c.objc; path = main.m; sourceTree = "<group>"; };
		E26CFF1F180E09E30016387B /* ProyectoVehiculos-Prefix.pch */ = {isa = PBXFileReference; lastKnownFileType = sourcecode.c.h; path = "ProyectoVehiculos-Prefix.pch"; sourceTree = "<group>"; };
		E26CFF20180E09E30016387B /* AppDelegate.h */ = {isa = PBXFileReference; lastKnownFileType = sourcecode.c.h; path = AppDelegate.h; sourceTree = "<group>"; };
		E26CFF21180E09E30016387B /* AppDelegate.m */ = {isa = PBXFileReference; lastKnownFileType = sourcecode.c.objc; path = AppDelegate.m; sourceTree = "<group>"; };
		E26CFF23180E09E30016387B /* Default.png */ = {isa = PBXFileReference; lastKnownFileType = image.png; path = Default.png; sourceTree = "<group>"; };
		E26CFF25180E09E30016387B /* Default@2x.png */ = {isa = PBXFileReference; lastKnownFileType = image.png; path = "Default@2x.png"; sourceTree = "<group>"; };
		E26CFF27180E09E30016387B /* Default-568h@2x.png */ = {isa = PBXFileReference; lastKnownFileType = image.png; path = "Default-568h@2x.png"; sourceTree = "<group>"; };
		E26CFF2A180E09E30016387B /* en */ = {isa = PBXFileReference; lastKnownFileType = file.storyboard; name = en; path = en.lproj/MainStoryboard.storyboard; sourceTree = "<group>"; };
		E26CFF2C180E09E30016387B /* ViewController.h */ = {isa = PBXFileReference; lastKnownFileType = sourcecode.c.h; path = ViewController.h; sourceTree = "<group>"; };
		E26CFF2D180E09E30016387B /* ViewController.m */ = {isa = PBXFileReference; lastKnownFileType = sourcecode.c.objc; path = ViewController.m; sourceTree = "<group>"; };
/* End PBXFileReference section */

/* Begin PBXFrameworksBuildPhase section */
		E26CFF0B180E09E30016387B /* Frameworks */ = {
			isa = PBXFrameworksBuildPhase;
			buildActionMask = 2147483647;
			files = (
				E26CFF12180E09E30016387B /* UIKit.framework in Frameworks */,
				E26CFF14180E09E30016387B /* Foundation.framework in Frameworks */,
				E26CFF16180E09E30016387B /* CoreGraphics.framework in Frameworks */,
			);
			runOnlyForDeploymentPostprocessing = 0;
		};
/* End PBXFrameworksBuildPhase section */

/* Begin PBXGroup section */
		E26CFF05180E09E30016387B = {
			isa = PBXGroup;
			children = (
				E26CFF17180E09E30016387B /* ProyectoVehiculos */,
				E26CFF10180E09E30016387B /* Frameworks */,
				E26CFF0F180E09E30016387B /* Products */,
			);
			sourceTree = "<group>";
		};
		E26CFF0F180E09E30016387B /* Products */ = {
			isa = PBXGroup;
			children = (
				E26CFF0E180E09E30016387B /* ProyectoVehiculos.app */,
			);
			name = Products;
			sourceTree = "<group>";
		};
		E26CFF10180E09E30016387B /* Frameworks */ = {
			isa = PBXGroup;
			children = (
				E26CFF11180E09E30016387B /* UIKit.framework */,
				E26CFF13180E09E30016387B /* Foundation.framework */,
				E26CFF15180E09E30016387B /* CoreGraphics.framework */,
			);
			name = Frameworks;
			sourceTree = "<group>";
		};
		E26CFF17180E09E30016387B /* ProyectoVehiculos */ = {
			isa = PBXGroup;
			children = (
				E26CFF20180E09E30016387B /* AppDelegate.h */,
				E26CFF21180E09E30016387B /* AppDelegate.m */,
				E26CFF29180E09E30016387B /* MainStoryboard.storyboard */,
				E26CFF2C180E09E30016387B /* ViewController.h */,
				E26CFF2D180E09E30016387B /* ViewController.m */,
				E26CFF18180E09E30016387B /* Supporting Files */,
			);
			path = ProyectoVehiculos;
			sourceTree = "<group>";
		};
		E26CFF18180E09E30016387B /* Supporting Files */ = {
			isa = PBXGroup;
			children = (
				E26CFF19180E09E30016387B /* ProyectoVehiculos-Info.plist */,
				E26CFF1A180E09E30016387B /* InfoPlist.strings */,
				E26CFF1D180E09E30016387B /* main.m */,
				E26CFF1F180E09E30016387B /* ProyectoVehiculos-Prefix.pch */,
				E26CFF23180E09E30016387B /* Default.png */,
				E26CFF25180E09E30016387B /* Default@2x.png */,
				E26CFF27180E09E30016387B /* Default-568h@2x.png */,
			);
			name = "Supporting Files";
			sourceTree = "<group>";
		};
/* End PBXGroup section */

/* Begin PBXNativeTarget section */
		E26CFF0D180E09E30016387B /* ProyectoVehiculos */ = {
			isa = PBXNativeTarget;
			buildConfigurationList = E26CFF31180E09E30016387B /* Build configuration list for PBXNativeTarget "ProyectoVehiculos" */;
			buildPhases = (
				E26CFF0A180E09E30016387B /* Sources */,
				E26CFF0B180E09E30016387B /* Frameworks */,
				E26CFF0C180E09E30016387B /* Resources */,
			);
			buildRules = (
			);
			dependencies = (
			);
			name = ProyectoVehiculos;
			productName = ProyectoVehiculos;
			productReference = E26CFF0E180E09E30016387B /* ProyectoVehiculos.app */;
			productType = "com.apple.product-type.application";
		};
/* End PBXNativeTarget section */

/* Begin PBXProject section */
		E26CFF06180E09E30016387B /* Project object */ = {
			isa = PBXProject;
			attributes = {
				LastUpgradeCheck = 0460;
				ORGANIZATIONNAME = "Ma.Elena Melón Jareda App Studio";
			};
			buildConfigurationList = E26CFF09180E09E30016387B /* Build configuration list for PBXProject "ProyectoVehiculos" */;
			compatibilityVersion = "Xcode 3.2";
			developmentRegion = English;
			hasScannedForEncodings = 0;
			knownRegions = (
				en,
			);
			mainGroup = E26CFF05180E09E30016387B;
			productRefGroup = E26CFF0F180E09E30016387B /* Products */;
			projectDirPath = "";
			projectRoot = "";
			targets = (
				E26CFF0D180E09E30016387B /* ProyectoVehiculos */,
			);
		};
/* End PBXProject section */

/* Begin PBXResourcesBuildPhase section */
		E26CFF0C180E09E30016387B /* Resources */ = {
			isa = PBXResourcesBuildPhase;
			buildActionMask = 2147483647;
			files = (
				E26CFF1C180E09E30016387B /* InfoPlist.strings in Resources */,
				E26CFF24180E09E30016387B /* Default.png in Resources */,
				E26CFF26180E09E30016387B /* Default@2x.png in Resources */,
				E26CFF28180E09E30016387B /* Default-568h@2x.png in Resources */,
				E26CFF2B180E09E30016387B /* MainStoryboard.storyboard in Resources */,
			);
			runOnlyForDeploymentPostprocessing = 0;
		};
/* End PBXResourcesBuildPhase section */

/* Begin PBXSourcesBuildPhase section */
		E26CFF0A180E09E30016387B /* Sources */ = {
			isa = PBXSourcesBuildPhase;
			buildActionMask = 2147483647;
			files = (
				E26CFF1E180E09E30016387B /* main.m in Sources */,
				E26CFF22180E09E30016387B /* AppDelegate.m in Sources */,
				E26CFF2E180E09E30016387B /* ViewController.m in Sources */,
			);
			runOnlyForDeploymentPostprocessing = 0;
		};
/* End PBXSourcesBuildPhase section */

/* Begin PBXVariantGroup section */
		E26CFF1A180E09E30016387B /* InfoPlist.strings */ = {
			isa = PBXVariantGroup;
			children = (
				E26CFF1B180E09E30016387B /* en */,
			);
			name = InfoPlist.strings;
			sourceTree = "<group>";
		};
		E26CFF29180E09E30016387B /* MainStoryboard.storyboard */ = {
			isa = PBXVariantGroup;
			children = (
				E26CFF2A180E09E30016387B /* en */,
			);
			name = MainStoryboard.storyboard;
			sourceTree = "<group>";
		};
/* End PBXVariantGroup section */

/* Begin XCBuildConfiguration section */
		E26CFF2F180E09E30016387B /* Debug */ = {
			isa = XCBuildConfiguration;
			buildSettings = {
				ALWAYS_SEARCH_USER_PATHS = NO;
				CLANG_CXX_LANGUAGE_STANDARD = "gnu++0x";
				CLANG_CXX_LIBRARY = "libc++";
				CLANG_ENABLE_OBJC_ARC = YES;
				CLANG_WARN_CONSTANT_CONVERSION = YES;
				CLANG_WARN_EMPTY_BODY = YES;
				CLANG_WARN_ENUM_CONVERSION = YES;
				CLANG_WARN_INT_CONVERSION = YES;
				CLANG_WARN__DUPLICATE_METHOD_MATCH = YES;
				"CODE_SIGN_IDENTITY[sdk=iphoneos*]" = "iPhone Developer";
				COPY_PHASE_STRIP = NO;
				GCC_C_LANGUAGE_STANDARD = gnu99;
				GCC_DYNAMIC_NO_PIC = NO;
				GCC_OPTIMIZATION_LEVEL = 0;
				GCC_PREPROCESSOR_DEFINITIONS = (
					"DEBUG=1",
					"$(inherited)",
				);
				GCC_SYMBOLS_PRIVATE_EXTERN = NO;
				GCC_WARN_ABOUT_RETURN_TYPE = YES;
				GCC_WARN_UNINITIALIZED_AUTOS = YES;
				GCC_WARN_UNUSED_VARIABLE = YES;
				IPHONEOS_DEPLOYMENT_TARGET = 6.1;
				ONLY_ACTIVE_ARCH = YES;
				SDKROOT = iphoneos;
			};
			name = Debug;
		};
		E26CFF30180E09E30016387B /* Release */ = {
			isa = XCBuildConfiguration;
			buildSettings = {
				ALWAYS_SEARCH_USER_PATHS = NO;
				CLANG_CXX_LANGUAGE_STANDARD = "gnu++0x";
				CLANG_CXX_LIBRARY = "libc++";
				CLANG_ENABLE_OBJC_ARC = YES;
				CLANG_WARN_CONSTANT_CONVERSION = YES;
				CLANG_WARN_EMPTY_BODY = YES;
				CLANG_WARN_ENUM_CONVERSION = YES;
				CLANG_WARN_INT_CONVERSION = YES;
				CLANG_WARN__DUPLICATE_METHOD_MATCH = YES;
				"CODE_SIGN_IDENTITY[sdk=iphoneos*]" = "iPhone Developer";
				COPY_PHASE_STRIP = YES;
				GCC_C_LANGUAGE_STANDARD = gnu99;
				GCC_WARN_ABOUT_RETURN_TYPE = YES;
				GCC_WARN_UNINITIALIZED_AUTOS = YES;
				GCC_WARN_UNUSED_VARIABLE = YES;
				IPHONEOS_DEPLOYMENT_TARGET = 6.1;
				OTHER_CFLAGS = "-DNS_BLOCK_ASSERTIONS=1";
				SDKROOT = iphoneos;
				VALIDATE_PRODUCT = YES;
			};
			name = Release;
		};
		E26CFF32180E09E30016387B /* Debug */ = {
			isa = XCBuildConfiguration;
			buildSettings = {
				GCC_PRECOMPILE_PREFIX_HEADER = YES;
				GCC_PREFIX_HEADER = "ProyectoVehiculos/ProyectoVehiculos-Prefix.pch";
				INFOPLIST_FILE = "ProyectoVehiculos/ProyectoVehiculos-Info.plist";
				PRODUCT_NAME = "$(TARGET_NAME)";
				WRAPPER_EXTENSION = app;
			};
			name = Debug;
		};
		E26CFF33180E09E30016387B /* Release */ = {
			isa = XCBuildConfiguration;
			buildSettings = {
				GCC_PRECOMPILE_PREFIX_HEADER = YES;
				GCC_PREFIX_HEADER = "ProyectoVehiculos/ProyectoVehiculos-Prefix.pch";
				INFOPLIST_FILE = "ProyectoVehiculos/ProyectoVehiculos-Info.plist";
				PRODUCT_NAME = "$(TARGET_NAME)";
				WRAPPER_EXTENSION = app;
			};
			name = Release;
		};
/* End XCBuildConfiguration section */

/* Begin XCConfigurationList section */
		E26CFF09180E09E30016387B /* Build configuration list for PBXProject "ProyectoVehiculos" */ = {
			isa = XCConfigurationList;
			buildConfigurations = (
				E26CFF2F180E09E30016387B /* Debug */,
				E26CFF30180E09E30016387B /* Release */,
			);
			defaultConfigurationIsVisible = 0;
			defaultConfigurationName = Release;
		};
		E26CFF31180E09E30016387B /* Build configuration list for PBXNativeTarget "ProyectoVehiculos" */ = {
			isa = XCConfigurationList;
			buildConfigurations = (
				E26CFF32180E09E30016387B /* Debug */,
				E26CFF33180E09E30016387B /* Release */,
			);
			defaultConfigurationIsVisible = 0;
		};
/* End XCConfigurationList section */
	};
	rootObject = E26CFF06180E09E30016387B /* Project object */;
}
